{
  "name": "developer-site",
  "version": "1.0.0",
  "lockfileVersion": 1,
  "requires": true,
  "dependencies": {
    "inuit-box": {
      "version": "0.4.4",
      "resolved": "https://registry.npmjs.org/inuit-box/-/inuit-box-0.4.4.tgz",
      "integrity": "sha1-ywtVi7xxsf1dfmHkfLYqPxCYUvA=",
      "requires": {
        "inuit-clearfix": "~0.2.0",
        "inuit-defaults": "~0.2.1",
        "inuit-functions": "~0.2.0"
      }
    },
    "inuit-box-sizing": {
      "version": "0.2.0",
      "resolved": "https://registry.npmjs.org/inuit-box-sizing/-/inuit-box-sizing-0.2.0.tgz",
      "integrity": "sha1-u7gW7zemV4jAsclg3b4TN/1pe24="
    },
    "inuit-buttons": {
      "version": "0.4.2",
      "resolved": "https://registry.npmjs.org/inuit-buttons/-/inuit-buttons-0.4.2.tgz",
      "integrity": "sha1-hl9lEjralSBcbqScSEYWpRctjvc=",
      "requires": {
        "inuit-defaults": "~0.2.0",
        "inuit-functions": "~0.2.0"
      }
    },
    "inuit-clearfix": {
      "version": "0.2.2",
      "resolved": "https://registry.npmjs.org/inuit-clearfix/-/inuit-clearfix-0.2.2.tgz",
      "integrity": "sha1-hCkhg4Z8RD4PSya7eAmmrSmW5u4="
    },
    "inuit-defaults": {
      "version": "0.2.3",
      "resolved": "https://registry.npmjs.org/inuit-defaults/-/inuit-defaults-0.2.3.tgz",
      "integrity": "sha1-ypTId2O63tTQxG9niFL4KldPXQA="
    },
    "inuit-functions": {
      "version": "0.2.0",
      "resolved": "https://registry.npmjs.org/inuit-functions/-/inuit-functions-0.2.0.tgz",
      "integrity": "sha1-mfzcoI8JTCFhcggcs+rbIowLfGY="
    },
    "inuit-headings": {
      "version": "0.3.1",
      "resolved": "https://registry.npmjs.org/inuit-headings/-/inuit-headings-0.3.1.tgz",
      "integrity": "sha1-Ee+swFLc84EIdboA28ppX9iwg9s=",
      "requires": {
        "inuit-defaults": "~0.2.0",
        "inuit-mixins": "~0.2.2"
      }
    },
    "inuit-headings-trumps": {
      "version": "0.1.3",
      "resolved": "https://registry.npmjs.org/inuit-headings-trumps/-/inuit-headings-trumps-0.1.3.tgz",
      "integrity": "sha1-2aW6DxXnSXocJOJHgWdEQHeX2Oo=",
      "requires": {
        "inuit-headings": "~0.3.0"
      }
    },
    "inuit-images": {
      "version": "0.3.3",
      "resolved": "https://registry.npmjs.org/inuit-images/-/inuit-images-0.3.3.tgz",
      "integrity": "sha1-cH56UtTnZDQzUsoE0/XuGK2yXMs=",
      "requires": {
        "inuit-defaults": "~0.2.0",
        "inuit-mixins": "~0.2.2"
      }
    },
    "inuit-layout": {
      "version": "0.2.2",
      "resolved": "https://registry.npmjs.org/inuit-layout/-/inuit-layout-0.2.2.tgz",
      "integrity": "sha1-e3pi6zo9BEzmpcmUMR+JBVPRo5w=",
      "requires": {
        "inuit-defaults": "~0.2.1",
        "inuit-functions": "~0.2.0"
      }
    },
    "inuit-list-bare": {
      "version": "0.3.0",
      "resolved": "https://registry.npmjs.org/inuit-list-bare/-/inuit-list-bare-0.3.0.tgz",
      "integrity": "sha1-to5qbx9EpjdyfiQb//jQBQvJavM=",
      "requires": {
        "inuit-defaults": "~0.2.0"
      }
    },
    "inuit-list-block": {
      "version": "0.4.2",
      "resolved": "https://registry.npmjs.org/inuit-list-block/-/inuit-list-block-0.4.2.tgz",
      "integrity": "sha1-sWjRQ0u1sxlnpilWpI2RL/Y4+Kw=",
      "requires": {
        "inuit-defaults": "~0.2.1",
        "inuit-functions": "~0.2.0"
      }
    },
    "inuit-list-inline": {
      "version": "0.2.2",
      "resolved": "https://registry.npmjs.org/inuit-list-inline/-/inuit-list-inline-0.2.2.tgz",
      "integrity": "sha1-HmNVMMk58OGb1sKZGBPqefzZneY=",
      "requires": {
        "inuit-defaults": "~0.2.0"
      }
    },
    "inuit-list-ui": {
      "version": "0.2.2",
      "resolved": "https://registry.npmjs.org/inuit-list-ui/-/inuit-list-ui-0.2.2.tgz",
      "integrity": "sha1-2Cz0/dxKTgO5EjiRqIPz1IDK+KA=",
      "requires": {
        "inuit-defaults": "~0.2.1",
        "inuit-functions": "~0.2.0"
      }
    },
    "inuit-lists": {
      "version": "0.1.0",
      "resolved": "https://registry.npmjs.org/inuit-lists/-/inuit-lists-0.1.0.tgz",
      "integrity": "sha1-9kp0YAIs3VS0kQvMeUYpGhzBEj8=",
      "requires": {
        "inuit-defaults": "~0.2.0",
        "inuit-mixins": "~0.2.2"
      }
    },
    "inuit-media": {
      "version": "0.4.2",
      "resolved": "https://registry.npmjs.org/inuit-media/-/inuit-media-0.4.2.tgz",
      "integrity": "sha1-DwstzeYY3IWS3YFtcAyQcrtqsQo=",
      "requires": {
        "inuit-clearfix": "~0.2.0",
        "inuit-defaults": "~0.2.1",
        "inuit-functions": "~0.2.0"
      }
    },
    "inuit-mixins": {
      "version": "0.2.3",
      "resolved": "https://registry.npmjs.org/inuit-mixins/-/inuit-mixins-0.2.3.tgz",
      "integrity": "sha1-KtGSdrsr+iKMYgebj1uqfev0qZ8=",
      "requires": {
        "inuit-defaults": "~0.2.0"
      }
    },
    "inuit-normalize": {
      "version": "3.0.3",
      "resolved": "https://registry.npmjs.org/inuit-normalize/-/inuit-normalize-3.0.3.tgz",
      "integrity": "sha1-ORBUFEoy+mMM2svbe+Q+tykWVGw="
    },
    "inuit-page": {
      "version": "0.2.1",
      "resolved": "https://registry.npmjs.org/inuit-page/-/inuit-page-0.2.1.tgz",
      "integrity": "sha1-aQZMvqGJA39kCwGDoi9+2ug9DF0=",
      "requires": {
        "inuit-defaults": "~0.2.0",
        "inuit-mixins": "~0.2.2"
      }
    },
    "inuit-paragraphs": {
      "version": "0.1.4",
      "resolved": "https://registry.npmjs.org/inuit-paragraphs/-/inuit-paragraphs-0.1.4.tgz",
      "integrity": "sha1-5A0mzQwn7p1PkPoUnBcN/XY7rek=",
      "requires": {
        "inuit-defaults": "~0.2.0",
        "inuit-mixins": "~0.2.2"
      }
    },
    "inuit-reset": {
      "version": "0.1.1",
      "resolved": "https://registry.npmjs.org/inuit-reset/-/inuit-reset-0.1.1.tgz",
      "integrity": "sha1-gCQxfDTuF3n5LIFKwx6HVLYNQ0Y="
    },
    "inuit-responsive-settings": {
      "version": "0.1.5",
      "resolved": "https://registry.npmjs.org/inuit-responsive-settings/-/inuit-responsive-settings-0.1.5.tgz",
      "integrity": "sha1-eUVwd475MzjkOGNwhBl3gPc6VmY="
    },
    "inuit-responsive-tools": {
      "version": "0.1.3",
      "resolved": "https://registry.npmjs.org/inuit-responsive-tools/-/inuit-responsive-tools-0.1.3.tgz",
      "integrity": "sha1-oJlUBT/lWQfbaRAzcTzewlRidSA=",
      "requires": {
        "inuit-responsive-settings": "~0.1.0"
      }
    },
    "inuit-shared": {
      "version": "0.1.5",
      "resolved": "https://registry.npmjs.org/inuit-shared/-/inuit-shared-0.1.5.tgz",
      "integrity": "sha1-SjkXT+ljPYVc8Y7R7oSi2n7Dnro=",
      "requires": {
        "inuit-defaults": "~0.2.0"
      }
    },
    "inuit-spacing": {
      "version": "0.7.0",
      "resolved": "https://registry.npmjs.org/inuit-spacing/-/inuit-spacing-0.7.0.tgz",
      "integrity": "sha1-BDFli/aUs5Wnr4Vkk747kECOw7Q=",
      "requires": {
        "inuit-defaults": "~0.2.0",
        "inuit-functions": "~0.2.0"
      }
    },
    "inuit-starter-kit": {
      "version": "0.2.9",
      "resolved": "https://registry.npmjs.org/inuit-starter-kit/-/inuit-starter-kit-0.2.9.tgz",
      "integrity": "sha1-qbxaAB+SrlmM+9ApNsFlMKn4fAs=",
      "requires": {
        "inuit-box-sizing": "0.2.0",
        "inuit-defaults": "0.2.1",
        "inuit-functions": "0.2.0",
        "inuit-mixins": "0.2.3",
        "inuit-normalize": "3.0.2",
        "inuit-page": "0.2.1"
      },
      "dependencies": {
        "inuit-defaults": {
          "version": "0.2.1",
          "resolved": "https://registry.npmjs.org/inuit-defaults/-/inuit-defaults-0.2.1.tgz",
          "integrity": "sha1-JDw0ookBMWtuQyNsK26LogNZ3m0="
        },
        "inuit-normalize": {
          "version": "3.0.2",
          "resolved": "https://registry.npmjs.org/inuit-normalize/-/inuit-normalize-3.0.2.tgz",
          "integrity": "sha1-bFBYM3Tp4WEI9SWZqHmjg76k2EI="
        }
      }
    },
    "inuit-tables": {
      "version": "0.2.1",
      "resolved": "https://registry.npmjs.org/inuit-tables/-/inuit-tables-0.2.1.tgz",
      "integrity": "sha1-sMJCQ3dIzd12MpJe5I06NusrIMw=",
      "requires": {
        "inuit-defaults": "~0.2.0",
        "inuit-functions": "~0.2.0",
        "inuit-normalize": "~3.0.1"
      }
    },
    "inuit-tabs": {
      "version": "0.2.1",
      "resolved": "https://registry.npmjs.org/inuit-tabs/-/inuit-tabs-0.2.1.tgz",
      "integrity": "sha1-oK0AzFPvdERMp5kU/JESb19oYEQ=",
      "requires": {
        "inuit-defaults": "~0.2.0"
      }
    },
    "inuit-tools-widths": {
      "version": "0.1.4",
      "resolved": "https://registry.npmjs.org/inuit-tools-widths/-/inuit-tools-widths-0.1.4.tgz",
      "integrity": "sha1-UzuRUms4duWY7Yi9Mmk7xG6Sj90=",
      "requires": {
        "inuit-defaults": "~0.2.0"
      }
    },
    "inuit-widths": {
      "version": "0.4.2",
      "resolved": "https://registry.npmjs.org/inuit-widths/-/inuit-widths-0.4.2.tgz",
      "integrity": "sha1-Y7zssWtL1OjvNPMOA176ZcFaqX0=",
      "requires": {
        "inuit-defaults": "~0.2.0",
        "inuit-tools-widths": "~0.1.0"
      }
    }
  }
}
